
Microsoft Visual Studio Solution File, Format Version 12.00
# Visual Studio 2012
Project("{FAE04EC0-301F-11D3-BF4B-00C04F79EFBC}") = "WindowsFormsApplication1", "WindowsFormsApplication1\WindowsFormsApplication1.csproj", "{FF4ED686-54F3-44A1-83EA-262EEB743BBF}"
EndProject
Global
	GlobalSection(SolutionConfigurationPlatforms) = preSolution
		Debug|Any CPU = Debug|Any CPU
		Release|Any CPU = Release|Any CPU
	EndGlobalSection
	GlobalSection(ProjectConfigurationPlatforms) = postSolution
		{FF4ED686-54F3-44A1-83EA-262EEB743BBF}.Debug|Any CPU.ActiveCfg = Debug|Any CPU
		{FF4ED686-54F3-44A1-83EA-262EEB743BBF}.Debug|Any CPU.Build.0 = Debug|Any CPU
		{FF4ED686-54F3-44A1-83EA-262EEB743BBF}.Release|Any CPU.ActiveCfg = Release|Any CPU
		{FF4ED686-54F3-44A1-83EA-262EEB743BBF}.Release|Any CPU.Build.0 = Release|Any CPU
	EndGlobalSection
	GlobalSection(SolutionProperties) = preSolution
		HideSolutionNode = FALSE
	EndGlobalSection
EndGlobal
